Microsoft Visual Studio Solution File, Format Version 12.00
# Visual Studio Version 17
VisualStudioVersion = 17.8.0.0
MinimumVisualStudioVersion = 17.8.0.0
Project("{9A19103F-16F7-4668-BE54-9A1E7A4F7556}") = "AspirePlayground.AppHost", "AspirePlayground.AppHost\AspirePlayground.AppHost.csproj", "{4CF1EA6E-078C-4D80-8938-F12F227F1FFF}"
EndProject
Project("{9A19103F-16F7-4668-BE54-9A1E7A4F7556}") = "AspirePlayground.ServiceDefaults", "AspirePlayground.ServiceDefaults\AspirePlayground.ServiceDefaults.csproj", "{C54845FF-A1CD-4C5C-B851-E4A6523A9865}"
EndProject
Project("{9A19103F-16F7-4668-BE54-9A1E7A4F7556}") = "AspirePlayground.ApiService", "AspirePlayground.ApiService\AspirePlayground.ApiService.csproj", "{5A4AAB49-2CBB-4387-A3E8-86B9169F12E5}"
EndProject
Project("{9A19103F-16F7-4668-BE54-9A1E7A4F7556}") = "AspirePlayground.Web", "AspirePlayground.Web\AspirePlayground.Web.csproj", "{3BE81B38-3370-40BC-BB5F-F260AC54AAA1}"
EndProject
Project("{FAE04EC0-301F-11D3-BF4B-00C04F79EFBC}") = "AspirePlayground.FusionCache", "AspirePlayground.FusionCache\AspirePlayground.FusionCache.csproj", "{36DE4D97-8410-46AA-8359-D63D24D6E3BF}"
EndProject
Global
	GlobalSection(SolutionConfigurationPlatforms) = preSolution
		Debug|Any CPU = Debug|Any CPU
		Release|Any CPU = Release|Any CPU
	EndGlobalSection
	GlobalSection(ProjectConfigurationPlatforms) = postSolution
		{4CF1EA6E-078C-4D80-8938-F12F227F1FFF}.Debug|Any CPU.ActiveCfg = Debug|Any CPU
		{4CF1EA6E-078C-4D80-8938-F12F227F1FFF}.Debug|Any CPU.Build.0 = Debug|Any CPU
		{4CF1EA6E-078C-4D80-8938-F12F227F1FFF}.Release|Any CPU.ActiveCfg = Release|Any CPU
		{4CF1EA6E-078C-4D80-8938-F12F227F1FFF}.Release|Any CPU.Build.0 = Release|Any CPU
		{C54845FF-A1CD-4C5C-B851-E4A6523A9865}.Debug|Any CPU.ActiveCfg = Debug|Any CPU
		{C54845FF-A1CD-4C5C-B851-E4A6523A9865}.Debug|Any CPU.Build.0 = Debug|Any CPU
		{C54845FF-A1CD-4C5C-B851-E4A6523A9865}.Release|Any CPU.ActiveCfg = Release|Any CPU
		{C54845FF-A1CD-4C5C-B851-E4A6523A9865}.Release|Any CPU.Build.0 = Release|Any CPU
		{5A4AAB49-2CBB-4387-A3E8-86B9169F12E5}.Debug|Any CPU.ActiveCfg = Debug|Any CPU
		{5A4AAB49-2CBB-4387-A3E8-86B9169F12E5}.Debug|Any CPU.Build.0 = Debug|Any CPU
		{5A4AAB49-2CBB-4387-A3E8-86B9169F12E5}.Release|Any CPU.ActiveCfg = Release|Any CPU
		{5A4AAB49-2CBB-4387-A3E8-86B9169F12E5}.Release|Any CPU.Build.0 = Release|Any CPU
		{3BE81B38-3370-40BC-BB5F-F260AC54AAA1}.Debug|Any CPU.ActiveCfg = Debug|Any CPU
		{3BE81B38-3370-40BC-BB5F-F260AC54AAA1}.Debug|Any CPU.Build.0 = Debug|Any CPU
		{3BE81B38-3370-40BC-BB5F-F260AC54AAA1}.Release|Any CPU.ActiveCfg = Release|Any CPU
		{3BE81B38-3370-40BC-BB5F-F260AC54AAA1}.Release|Any CPU.Build.0 = Release|Any CPU
		{36DE4D97-8410-46AA-8359-D63D24D6E3BF}.Debug|Any CPU.ActiveCfg = Debug|Any CPU
		{36DE4D97-8410-46AA-8359-D63D24D6E3BF}.Debug|Any CPU.Build.0 = Debug|Any CPU
		{36DE4D97-8410-46AA-8359-D63D24D6E3BF}.Release|Any CPU.ActiveCfg = Release|Any CPU
		{36DE4D97-8410-46AA-8359-D63D24D6E3BF}.Release|Any CPU.Build.0 = Release|Any CPU
	EndGlobalSection
	GlobalSection(SolutionProperties) = preSolution
		HideSolutionNode = FALSE
	EndGlobalSection
	GlobalSection(ExtensibilityGlobals) = postSolution
		SolutionGuid = {DC1FC004-6AE6-42CF-8EB7-D16E69B0E927}
	EndGlobalSection
EndGlobal
